# THIS IS AN AUTOGENERATED FILE. DO NOT EDIT THIS FILE DIRECTLY.
# yarn lockfile v1


"@pixi/accessibility@6.0.2":
  version "6.0.2"
  resolved "https://registry.yarnpkg.com/@pixi/accessibility/-/accessibility-6.0.2.tgz#49c3d940ccf5360df64e354dcb75374f58795b62"
  integrity sha512-zHJcrGmpphnqjUQr+5HhcoInuKxZu3PxGl/NRgTC5gpWp259D0LBPT7k3Lt45r4kruDCMUGpMZVb1s46IZniSQ==
  dependencies:
    "@pixi/canvas-renderer" "6.0.2"
    "@pixi/core" "6.0.2"
    "@pixi/display" "6.0.2"
    "@pixi/utils" "6.0.2"

"@pixi/app@6.0.2":
  version "6.0.2"
  resolved "https://registry.yarnpkg.com/@pixi/app/-/app-6.0.2.tgz#bf6eb145b9c311047aa29ef84db22eb6a47b3696"
  integrity sha512-zHCzO0K5jJ48ngbH4FpdYJh1LxuGn9mJSIOF8YorqXFt+3drM9R9/qGGfSGdA9O7rW0O0uIkSndQwPXIlOIsUA==
  dependencies:
    "@pixi/core" "6.0.2"
    "@pixi/display" "6.0.2"

"@pixi/canvas-renderer@6.0.2":
  version "6.0.2"
  resolved "https://registry.yarnpkg.com/@pixi/canvas-renderer/-/canvas-renderer-6.0.2.tgz#35b11e3c3ffca0dd68e37cac80159b0cd71df02f"
  integrity sha512-SL3pLxAjEQdVN8Tp/p2svciKeA0DRH7HhlO95frVwxzvG4Z3GGYU39f3ejtCaLPqLGzEJmLND7lbIXh0b+Ornw==
  dependencies:
    "@pixi/constants" "6.0.2"
    "@pixi/core" "6.0.2"
    "@pixi/math" "6.0.2"
    "@pixi/settings" "6.0.2"
    "@pixi/utils" "6.0.2"

"@pixi/compressed-textures@6.0.2":
  version "6.0.2"
  resolved "https://registry.yarnpkg.com/@pixi/compressed-textures/-/compressed-textures-6.0.2.tgz#bb5141fa4a184d3c488f8cddfeed49139b7ec8e4"
  integrity sha512-SDuCLn/IEo8j1O+OYPVYy3Dz8+jAXLPdJsMYfs4GOGhsQWZ9js5bfLXWuwr6QRPOXoR3e8zb9qC3co8149pNLg==
  dependencies:
    "@pixi/constants" "6.0.2"
    "@pixi/core" "6.0.2"
    "@pixi/loaders" "6.0.2"

"@pixi/constants@6.0.2":
  version "6.0.2"
  resolved "https://registry.yarnpkg.com/@pixi/constants/-/constants-6.0.2.tgz#40e9c6b811ef51f59c01ec18fb6b80aad0abd17b"
  integrity sha512-4GSVKWr+qtjTj8IpRjXSnpkhF944ybjTSz9FnoqZZJgFxh/+9r53StHEGtKoK+BsSrmqbGzWax9krfc620KcLA==

"@pixi/core@6.0.2":
  version "6.0.2"
  resolved "https://registry.yarnpkg.com/@pixi/core/-/core-6.0.2.tgz#f4ad52dda930b816188fc086d2245ceb89847547"
  integrity sha512-Bz0WQDncrXuLEjU6pX5INrCLd5UorgBfufgysQzncOITIER4sZjAq5R/mCS1M3d4mGFhXZQyMyQK+O4LacWvOQ==
  dependencies:
    "@pixi/constants" "6.0.2"
    "@pixi/math" "6.0.2"
    "@pixi/runner" "6.0.2"
    "@pixi/settings" "6.0.2"
    "@pixi/ticker" "6.0.2"
    "@pixi/utils" "6.0.2"

"@pixi/display@6.0.2":
  version "6.0.2"
  resolved "https://registry.yarnpkg.com/@pixi/display/-/display-6.0.2.tgz#86833596e066874060d5ed770c08f27e3fe55918"
  integrity sha512-5qJxwT07McA7EK2yFhqvAjEJpap4Xa2hUCRDfsxl+Fu1Y3zDNBKI7HB8+mWZdYtSnnh5fJxrrw5lPo4HX7M+6w==
  dependencies:
    "@pixi/math" "6.0.2"
    "@pixi/settings" "6.0.2"
    "@pixi/utils" "6.0.2"

"@pixi/extract@6.0.2":
  version "6.0.2"
  resolved "https://registry.yarnpkg.com/@pixi/extract/-/extract-6.0.2.tgz#dec9c33b9c610807699e211829c021e177f8b497"
  integrity sha512-vGrewyLREzZOGAjcJO60s7oDm8ATbJOB5KyxuJXOSmIuhEmP69ohmxt1Rk6W8nfUS5m3gYU2KsY//RfDghHzVA==
  dependencies:
    "@pixi/core" "6.0.2"
    "@pixi/math" "6.0.2"
    "@pixi/utils" "6.0.2"

"@pixi/filter-alpha@6.0.2":
  version "6.0.2"
  resolved "https://registry.yarnpkg.com/@pixi/filter-alpha/-/filter-alpha-6.0.2.tgz#71b4da79468bab9ee0520e62d04966d2191679d0"
  integrity sha512-fk7I2mCdQLbt9KrxiCd1103okSoNGXnxa1uY1V66jouSo51IXB3PkNEIFbET/cYOM7kKiMui20sYath1g596ag==
  dependencies:
    "@pixi/core" "6.0.2"

"@pixi/filter-blur@6.0.2":
  version "6.0.2"
  resolved "https://registry.yarnpkg.com/@pixi/filter-blur/-/filter-blur-6.0.2.tgz#ebc67a29f2a9eb9ca4c6e3b00b9c42bda650429d"
  integrity sha512-FzaIl4l10lOW4+1SWFjLvK3MtH66zBG1SEa/cMUcVOfwZRIrg5pY3X842kZhNErm42yr9N2xBtKwwVBqQRbV8w==
  dependencies:
    "@pixi/core" "6.0.2"
    "@pixi/settings" "6.0.2"

"@pixi/filter-color-matrix@6.0.2":
  version "6.0.2"
  resolved "https://registry.yarnpkg.com/@pixi/filter-color-matrix/-/filter-color-matrix-6.0.2.tgz#c110c1759af6ef594d2f5025eddf66146d75ce96"
  integrity sha512-zOKdURfQFBIqknpisG1Ow7BiYD7zVTAHU/Y4aPNBFwcAxET/fKFDB8vJFztO1g0C4v05ivjVXmvAuIAjlXdOhw==
  dependencies:
    "@pixi/core" "6.0.2"

"@pixi/filter-displacement@6.0.2":
  version "6.0.2"
  resolved "https://registry.yarnpkg.com/@pixi/filter-displacement/-/filter-displacement-6.0.2.tgz#0c6096fb951015b8446cebf8ce4b02a57700c458"
  integrity sha512-ozhpQ0YkGxsMDzE8u/zTYp0LZ52VBM849iCIqY/WSVZkjeNYB0XhUZdI/7RMDPMVfiQSENimacEpsOgzsOIPSA==
  dependencies:
    "@pixi/core" "6.0.2"
    "@pixi/math" "6.0.2"

"@pixi/filter-fxaa@6.0.2":
  version "6.0.2"
  resolved "https://registry.yarnpkg.com/@pixi/filter-fxaa/-/filter-fxaa-6.0.2.tgz#ab5d6dd18c287bea9e2d7b8bad30b16e2ba435ea"
  integrity sha512-dkX2udy4CqUuAS5yEu3udzdCbpZVdHgoVEksSiFiGzyC17uexkHaunQAgLb2UFGmjbdLT4Vk2FIrgM3+sMWQ3w==
  dependencies:
    "@pixi/core" "6.0.2"

"@pixi/filter-noise@6.0.2":
  version "6.0.2"
  resolved "https://registry.yarnpkg.com/@pixi/filter-noise/-/filter-noise-6.0.2.tgz#4829005fe99c56fc8a236f3d5ccc3173b770c11c"
  integrity sha512-UnaRYV06qWe7ytBHZ8hK6ZH8Bnqhwtuhoj86pAv0Jhc8EXwcKC2wLT7JDFxBnjB1GwJuWDYnNrQpPsyRQsHNiA==
  dependencies:
    "@pixi/core" "6.0.2"

"@pixi/graphics@6.0.2":
  version "6.0.2"
  resolved "https://registry.yarnpkg.com/@pixi/graphics/-/graphics-6.0.2.tgz#c8f4258b6e6fcfc41548d4046f243a7cca99eb85"
  integrity sha512-/hONnNsWIo8O/0yQf2voBRi0aLnt7RXHXiYLb1d0bMkfYVHbn6r+TYZsz/mjOC1MRW+B0Bkh5ZxRWOgF3IpCiA==
  dependencies:
    "@pixi/constants" "6.0.2"
    "@pixi/core" "6.0.2"
    "@pixi/display" "6.0.2"
    "@pixi/math" "6.0.2"
    "@pixi/sprite" "6.0.2"
    "@pixi/utils" "6.0.2"

"@pixi/interaction@6.0.2":
  version "6.0.2"
  resolved "https://registry.yarnpkg.com/@pixi/interaction/-/interaction-6.0.2.tgz#eb6191ffff33f5c593a86896422c24e57d213d2c"
  integrity sha512-YRT1reJXISgAf1+lRECpchR7+MUcGA/vdC612oG0fbrONCI0r1jMwMjdEcTnuMzZrzfSGL6yz0pkhIjWMjuY0g==
  dependencies:
    "@pixi/core" "6.0.2"
    "@pixi/display" "6.0.2"
    "@pixi/math" "6.0.2"
    "@pixi/ticker" "6.0.2"
    "@pixi/utils" "6.0.2"

"@pixi/loaders@6.0.2":
  version "6.0.2"
  resolved "https://registry.yarnpkg.com/@pixi/loaders/-/loaders-6.0.2.tgz#8de1aa8ff17f683e3e66b899f1490e182f79d887"
  integrity sha512-ir71du5YOoH/NW8/rNwQ5br+YCVcKWUAltsUaQfTCMLjPzaT8nHtsBiy/krQIGNus179l1h7NfGrSOK/RU936Q==
  dependencies:
    "@pixi/constants" "6.0.2"
    "@pixi/core" "6.0.2"
    "@pixi/utils" "6.0.2"
    resource-loader "^3.0.1"

"@pixi/math@6.0.2":
  version "6.0.2"
  resolved "https://registry.yarnpkg.com/@pixi/math/-/math-6.0.2.tgz#e9213bf006ef0362a9cbdd19fbbd334a3c6fd6ad"
  integrity sha512-eA4VmqkWTUSRl1iYIu3sCitbg8+QfohU0Zk/61J1s0pzWtLjMECkrlcwiFfCxwNU7MhkOATQ53dxgmNtBa77zw==

"@pixi/mesh-extras@6.0.2":
  version "6.0.2"
  resolved "https://registry.yarnpkg.com/@pixi/mesh-extras/-/mesh-extras-6.0.2.tgz#340a70f8f4e87112bbfe234b5d33d0037cf33abd"
  integrity sha512-Q2O3/MR5ghMx95N2DnvYbyDL6aK9fU5cxLy6nEAd/i4iNyBA/XIfC7iB6WY207OyF9PIjPedT5Ha1SSSiujhAA==
  dependencies:
    "@pixi/constants" "6.0.2"
    "@pixi/core" "6.0.2"
    "@pixi/math" "6.0.2"
    "@pixi/mesh" "6.0.2"
    "@pixi/utils" "6.0.2"

"@pixi/mesh@6.0.2":
  version "6.0.2"
  resolved "https://registry.yarnpkg.com/@pixi/mesh/-/mesh-6.0.2.tgz#e4bec67c23fbaf9449a9cece453406768428012a"
  integrity sha512-Sc3VrB7/MQ4/Ju86Cks43pJlw6bH0o/SXm/UgIkW7B2cYQMdffcWwt3bOvdyeiChNJWN6308m9VtU0Dx+5xalA==
  dependencies:
    "@pixi/constants" "6.0.2"
    "@pixi/core" "6.0.2"
    "@pixi/display" "6.0.2"
    "@pixi/math" "6.0.2"
    "@pixi/settings" "6.0.2"
    "@pixi/utils" "6.0.2"

"@pixi/mixin-cache-as-bitmap@6.0.2":
  version "6.0.2"
  resolved "https://registry.yarnpkg.com/@pixi/mixin-cache-as-bitmap/-/mixin-cache-as-bitmap-6.0.2.tgz#34f972516e502c12f484762e67095e2a6275676a"
  integrity sha512-GBS/s1sf01AWmWBiFD9ppx/20EZMGYvJ2vq/fK/7jmTRA1gTJVI9UA/Suhx3n2KVe7szRDHBAgKKuMjC0W4q7w==
  dependencies:
    "@pixi/canvas-renderer" "6.0.2"
    "@pixi/core" "6.0.2"
    "@pixi/display" "6.0.2"
    "@pixi/math" "6.0.2"
    "@pixi/settings" "6.0.2"
    "@pixi/sprite" "6.0.2"
    "@pixi/utils" "6.0.2"

"@pixi/mixin-get-child-by-name@6.0.2":
  version "6.0.2"
  resolved "https://registry.yarnpkg.com/@pixi/mixin-get-child-by-name/-/mixin-get-child-by-name-6.0.2.tgz#e404c6205402a31ed576180f36bf676e884e9125"
  integrity sha512-qQ+cqOXX50FG3DyuOS69iVc9uOox93ARJoBoh1d3aYwHMUg45oBTyX6xv3suquvPTDcLnKGrJeiHQ/c/xw7tRw==
  dependencies:
    "@pixi/display" "6.0.2"

"@pixi/mixin-get-global-position@6.0.2":
  version "6.0.2"
  resolved "https://registry.yarnpkg.com/@pixi/mixin-get-global-position/-/mixin-get-global-position-6.0.2.tgz#498ae449ff862902f18a4f76fc7b5261df0eb355"
  integrity sha512-waO1D/asjNorJpE+hdJqCg1gnfqOVIUf2mZmKWfS4jW/OPvhbAR1pX6uXP2uZ6yLoK/Ft94x9faMjuDeqxMdFg==
  dependencies:
    "@pixi/display" "6.0.2"
    "@pixi/math" "6.0.2"

"@pixi/particles@6.0.2":
  version "6.0.2"
  resolved "https://registry.yarnpkg.com/@pixi/particles/-/particles-6.0.2.tgz#5d3378da7accf03b9a5cf53c473c1cf08f056116"
  integrity sha512-Z0vAjqmCGXrdwBmdiC7I4Flv0QQ0q4GxC1lqymT58KhA//GiZOLYp0FuK5RojslLrUu7w5MAfUWwLq7gruu2cQ==
  dependencies:
    "@pixi/constants" "6.0.2"
    "@pixi/core" "6.0.2"
    "@pixi/display" "6.0.2"
    "@pixi/math" "6.0.2"
    "@pixi/utils" "6.0.2"

"@pixi/polyfill@6.0.2":
  version "6.0.2"
  resolved "https://registry.yarnpkg.com/@pixi/polyfill/-/polyfill-6.0.2.tgz#8e4d8f9dc71fae3ce16882a1aeeec65ddc12b4d6"
  integrity sha512-PD+d3kGPPKoYgkSQ/xT8U3y12T4StkcpCK6QfFy6k+dkWHzGcQI1aE46Vw6tZ+ZkFi5nRUTNk9C3VlwWt/Fdfw==
  dependencies:
    object-assign "^4.1.1"
    promise-polyfill "^8.2.0"

"@pixi/prepare@6.0.2":
  version "6.0.2"
  resolved "https://registry.yarnpkg.com/@pixi/prepare/-/prepare-6.0.2.tgz#5106420a9224002f0cca05d802760e66a6da3828"
  integrity sha512-bmVE/6qV7Psd3EhumLdeAH7MmU3VpuUcnbyDhrmrJrUmfbqrXiMApCLqGSYjMHQI/abZwFQ0vMgDQhx9dfG8wA==
  dependencies:
    "@pixi/core" "6.0.2"
    "@pixi/display" "6.0.2"
    "@pixi/graphics" "6.0.2"
    "@pixi/settings" "6.0.2"
    "@pixi/text" "6.0.2"
    "@pixi/ticker" "6.0.2"

"@pixi/runner@6.0.2":
  version "6.0.2"
  resolved "https://registry.yarnpkg.com/@pixi/runner/-/runner-6.0.2.tgz#5e8f38c0d0472d0a81e34ee0cd263529d6ad4021"
  integrity sha512-HcaDuwT+kconUZJh9gzGy166R/0hWkgXpLX0mqUYo5qPKmhiC+balJsiha6IIV6Ckg5c5IX2GQBSkXJrEDlOMg==

"@pixi/settings@6.0.2":
  version "6.0.2"
  resolved "https://registry.yarnpkg.com/@pixi/settings/-/settings-6.0.2.tgz#48108e2b68be76c1146a7322dacf8ea556513788"
  integrity sha512-hZMZIKDsqpf2qtVAnZvemGcFw1ujkZb/r4nVn4/hYeyZLK63I5IpQKEPPK9NMicTM697V+BRoMbWqbrlubiLKw==
  dependencies:
    ismobilejs "^1.1.0"

"@pixi/sprite-animated@6.0.2":
  version "6.0.2"
  resolved "https://registry.yarnpkg.com/@pixi/sprite-animated/-/sprite-animated-6.0.2.tgz#2713d5c5f7dfa0e8b5e6d83a27a1a72aecf4dfe2"
  integrity sha512-OSINySJ1uk/iaD4Yk/3czRlitTMVIEgzgvqzSZL+GcqHqzc3lW/BpZ31+so+W/4Yv7KckzBJdB++GvsAfAU0kA==
  dependencies:
    "@pixi/core" "6.0.2"
    "@pixi/sprite" "6.0.2"
    "@pixi/ticker" "6.0.2"

"@pixi/sprite-tiling@6.0.2":
  version "6.0.2"
  resolved "https://registry.yarnpkg.com/@pixi/sprite-tiling/-/sprite-tiling-6.0.2.tgz#eba453609471bd4a95cb4e5b6d5a1fc0c428e666"
  integrity sha512-tauohq//qEZirTM5A6pLKUIUgBPp1qTxjrI4lpFp4scalehAdR04dPe3a9JMr7uwmPiskQIB5/LZX7sMtl3jpg==
  dependencies:
    "@pixi/constants" "6.0.2"
    "@pixi/core" "6.0.2"
    "@pixi/display" "6.0.2"
    "@pixi/math" "6.0.2"
    "@pixi/sprite" "6.0.2"
    "@pixi/utils" "6.0.2"

"@pixi/sprite@6.0.2":
  version "6.0.2"
  resolved "https://registry.yarnpkg.com/@pixi/sprite/-/sprite-6.0.2.tgz#5aadb94de74bd8f57618417fbf7eac443fb930d2"
  integrity sha512-I9FHX0zxvfVg/L6hZVRX9kpsdbbxLu9KhN8kdJmDR+RGxuoxGrnboTx5VgT3AW0rYJvwp47VneQTKVVMjat11A==
  dependencies:
    "@pixi/constants" "6.0.2"
    "@pixi/core" "6.0.2"
    "@pixi/display" "6.0.2"
    "@pixi/math" "6.0.2"
    "@pixi/settings" "6.0.2"
    "@pixi/utils" "6.0.2"

"@pixi/spritesheet@6.0.2":
  version "6.0.2"
  resolved "https://registry.yarnpkg.com/@pixi/spritesheet/-/spritesheet-6.0.2.tgz#a25a5ccee6ef552009cc5a0db7a6d6fafc68224e"
  integrity sha512-gWVxx0uWKaNtcj1beLZw0vvogDgmerct+oSA0pU6A3b20pDMrAPc90EuOEOOQ/xxxrHfpIY00IIXsUmAmmA0Zg==
  dependencies:
    "@pixi/core" "6.0.2"
    "@pixi/loaders" "6.0.2"
    "@pixi/math" "6.0.2"
    "@pixi/utils" "6.0.2"

"@pixi/text-bitmap@6.0.2":
  version "6.0.2"
  resolved "https://registry.yarnpkg.com/@pixi/text-bitmap/-/text-bitmap-6.0.2.tgz#8d8707a5dbfecee740ac0f0d9f8f8b2a5659991b"
  integrity sha512-wT3JUp/Y1+B979UpIMibV3Cir0Tb1oi5Sc1r6FPr51KUfFxHMj6Q7+OV1YxJvSMoaKLK6efImfMXGKAKYtVXMQ==
  dependencies:
    "@pixi/core" "6.0.2"
    "@pixi/display" "6.0.2"
    "@pixi/loaders" "6.0.2"
    "@pixi/math" "6.0.2"
    "@pixi/mesh" "6.0.2"
    "@pixi/settings" "6.0.2"
    "@pixi/text" "6.0.2"
    "@pixi/utils" "6.0.2"

"@pixi/text@6.0.2":
  version "6.0.2"
  resolved "https://registry.yarnpkg.com/@pixi/text/-/text-6.0.2.tgz#f880685c9549ec94bbd0d3a9513a9cc001bb26c3"
  integrity sha512-XBhiwLeuL8dBsPwXMDOq9O0JxZcOA2l0aOnFs2O2fZPLL4gkvyquZA+s95C6bGZMR+6j0xtFIQDCsBQCZl1A/g==
  dependencies:
    "@pixi/core" "6.0.2"
    "@pixi/math" "6.0.2"
    "@pixi/settings" "6.0.2"
    "@pixi/sprite" "6.0.2"
    "@pixi/utils" "6.0.2"

"@pixi/ticker@6.0.2":
  version "6.0.2"
  resolved "https://registry.yarnpkg.com/@pixi/ticker/-/ticker-6.0.2.tgz#134288d3189f1b3d38391573d26102e24e919c6f"
  integrity sha512-oBZTfId0D+hDbDCaYvREclI7jvIAmcaxd7iaOPcELHcPPyJ+ym+4hggsXSIchXeeFYasLjI5bfqJPzzL6IasTg==
  dependencies:
    "@pixi/settings" "6.0.2"

"@pixi/utils@6.0.2":
  version "6.0.2"
  resolved "https://registry.yarnpkg.com/@pixi/utils/-/utils-6.0.2.tgz#f4feb4bd62f50af2cfa05674fb783703719fa012"
  integrity sha512-jx3ZYJ29mTJSqBPQbDUPPorsPXiGOQzL6IIW5vwE05LekYmwocR8b48vLYKdbr8XdyOQ7Eqe43PodiwCLjuWvA==
  dependencies:
    "@pixi/constants" "6.0.2"
    "@pixi/settings" "6.0.2"
    "@types/earcut" "^2.1.0"
    earcut "^2.2.2"
    eventemitter3 "^3.1.0"
    url "^0.11.0"

"@types/earcut@^2.1.0":
  version "2.1.1"
  resolved "https://registry.yarnpkg.com/@types/earcut/-/earcut-2.1.1.tgz#573a0af609f17005c751f6f4ffec49cfe358ea51"
  integrity sha512-w8oigUCDjElRHRRrMvn/spybSMyX8MTkKA5Dv+tS1IE/TgmNZPqUYtvYBXGY8cieSE66gm+szeK+bnbxC2xHTQ==

accepts@~1.3.7:
  version "1.3.7"
  resolved "https://registry.yarnpkg.com/accepts/-/accepts-1.3.7.tgz#531bc726517a3b2b41f850021c6cc15eaab507cd"
  integrity sha512-Il80Qs2WjYlJIBNzNkK6KYqlVMTbZLXgHx2oT0pU/fjRHyEp+PEfEPY0R3WCwAGVOtauxh1hOxNgIf5bv7dQpA==
  dependencies:
    mime-types "~2.1.24"
    negotiator "0.6.2"

anymatch@~3.1.1:
  version "3.1.2"
  resolved "https://registry.yarnpkg.com/anymatch/-/anymatch-3.1.2.tgz#c0557c096af32f106198f4f4e2a383537e378716"
  integrity sha512-P43ePfOAIupkguHUycrc4qJ9kz8ZiuOUijaETwX7THt0Y/GNK7v0aa8rY816xWjZ7rJdA5XdMcpVFTKMq+RvWg==
  dependencies:
    normalize-path "^3.0.0"
    picomatch "^2.0.4"

array-flatten@1.1.1:
  version "1.1.1"
  resolved "https://registry.yarnpkg.com/array-flatten/-/array-flatten-1.1.1.tgz#9a5f699051b1e7073328f2a008968b64ea2955d2"
  integrity sha1-ml9pkFGx5wczKPKgCJaLZOopVdI=

at-least-node@^1.0.0:
  version "1.0.0"
  resolved "https://registry.yarnpkg.com/at-least-node/-/at-least-node-1.0.0.tgz#602cd4b46e844ad4effc92a8011a3c46e0238dc2"
  integrity sha512-+q/t7Ekv1EDY2l6Gda6LLiX14rU9TV20Wa3ofeQmwPFZbOMo9DXrLbOjFaaclkXKWidIaopwAObQDqwWtGUjqg==

binary-extensions@^2.0.0:
  version "2.2.0"
  resolved "https://registry.yarnpkg.com/binary-extensions/-/binary-extensions-2.2.0.tgz#75f502eeaf9ffde42fc98829645be4ea76bd9e2d"
  integrity sha512-jDctJ/IVQbZoJykoeHbhXpOlNBqGNcwXJKJog42E5HDPUwQTSdjCHdihjj0DlnheQ7blbT6dHOafNAiS8ooQKA==

body-parser@1.19.0:
  version "1.19.0"
  resolved "https://registry.yarnpkg.com/body-parser/-/body-parser-1.19.0.tgz#96b2709e57c9c4e09a6fd66a8fd979844f69f08a"
  integrity sha512-dhEPs72UPbDnAQJ9ZKMNTP6ptJaionhP5cBb541nXPlW60Jepo9RV/a4fX4XWW9CuFNK22krhrj1+rgzifNCsw==
  dependencies:
    bytes "3.1.0"
    content-type "~1.0.4"
    debug "2.6.9"
    depd "~1.1.2"
    http-errors "1.7.2"
    iconv-lite "0.4.24"
    on-finished "~2.3.0"
    qs "6.7.0"
    raw-body "2.4.0"
    type-is "~1.6.17"

braces@~3.0.2:
  version "3.0.2"
  resolved "https://registry.yarnpkg.com/braces/-/braces-3.0.2.tgz#3454e1a462ee8d599e236df336cd9ea4f8afe107"
  integrity sha512-b8um+L1RzM3WDSzvhm6gIz1yfTbBt6YTlcEKAvsmqCZZFw46z626lVj9j1yEPW33H5H+lBQpZMP1k8l+78Ha0A==
  dependencies:
    fill-range "^7.0.1"

bytes@3.1.0:
  version "3.1.0"
  resolved "https://registry.yarnpkg.com/bytes/-/bytes-3.1.0.tgz#f6cf7933a360e0588fa9fde85651cdc7f805d1f6"
  integrity sha512-zauLjrfCG+xvoyaqLoV8bLVXXNGC4JqlxFCutSDWA6fJrTo2ZuvLYTqZ7aHBLZSMOopbzwv8f+wZcVzfVTI2Dg==

chokidar@^3.5.1:
  version "3.5.1"
  resolved "https://registry.yarnpkg.com/chokidar/-/chokidar-3.5.1.tgz#ee9ce7bbebd2b79f49f304799d5468e31e14e68a"
  integrity sha512-9+s+Od+W0VJJzawDma/gvBNQqkTiqYTWLuZoyAsivsI4AaWTCzHG06/TMjsf1cYe9Cb97UCEhjz7HvnPk2p/tw==
  dependencies:
    anymatch "~3.1.1"
    braces "~3.0.2"
    glob-parent "~5.1.0"
    is-binary-path "~2.1.0"
    is-glob "~4.0.1"
    normalize-path "~3.0.0"
    readdirp "~3.5.0"
  optionalDependencies:
    fsevents "~2.3.1"

content-disposition@0.5.3:
  version "0.5.3"
  resolved "https://registry.yarnpkg.com/content-disposition/-/content-disposition-0.5.3.tgz#e130caf7e7279087c5616c2007d0485698984fbd"
  integrity sha512-ExO0774ikEObIAEV9kDo50o+79VCUdEB6n6lzKgGwupcVeRlhrj3qGAfwq8G6uBJjkqLrhT0qEYFcWng8z1z0g==
  dependencies:
    safe-buffer "5.1.2"

content-type@~1.0.4:
  version "1.0.4"
  resolved "https://registry.yarnpkg.com/content-type/-/content-type-1.0.4.tgz#e138cc75e040c727b1966fe5e5f8c9aee256fe3b"
  integrity sha512-hIP3EEPs8tB9AT1L+NUqtwOAps4mk2Zob89MWXMHjHWg9milF/j4osnnQLXBCBFBk/tvIG/tUc9mOUJiPBhPXA==

cookie-signature@1.0.6:
  version "1.0.6"
  resolved "https://registry.yarnpkg.com/cookie-signature/-/cookie-signature-1.0.6.tgz#e303a882b342cc3ee8ca513a79999734dab3ae2c"
  integrity sha1-4wOogrNCzD7oylE6eZmXNNqzriw=

cookie@0.4.0:
  version "0.4.0"
  resolved "https://registry.yarnpkg.com/cookie/-/cookie-0.4.0.tgz#beb437e7022b3b6d49019d088665303ebe9c14ba"
  integrity sha512-+Hp8fLp57wnUSt0tY0tHEXh4voZRDnoIrZPqlo3DPiI4y9lwg/jqx+1Om94/W6ZaPDOUbnjOt/99w66zk+l1Xg==

debug@2.6.9:
  version "2.6.9"
  resolved "https://registry.yarnpkg.com/debug/-/debug-2.6.9.tgz#5d128515df134ff327e90a4c93f4e077a536341f"
  integrity sha512-bC7ElrdJaJnPbAP+1EotYvqZsb3ecl5wi6Bfi6BJTUcNowp6cvspg0jXznRTKDjm/E7AdgFBVeAPVMNcKGsHMA==
  dependencies:
    ms "2.0.0"

depd@~1.1.2:
  version "1.1.2"
  resolved "https://registry.yarnpkg.com/depd/-/depd-1.1.2.tgz#9bcd52e14c097763e749b274c4346ed2e560b5a9"
  integrity sha1-m81S4UwJd2PnSbJ0xDRu0uVgtak=

destroy@~1.0.4:
  version "1.0.4"
  resolved "https://registry.yarnpkg.com/destroy/-/destroy-1.0.4.tgz#978857442c44749e4206613e37946205826abd80"
  integrity sha1-l4hXRCxEdJ5CBmE+N5RiBYJqvYA=

earcut@^2.2.2:
  version "2.2.2"
  resolved "https://registry.yarnpkg.com/earcut/-/earcut-2.2.2.tgz#41b0bc35f63e0fe80da7cddff28511e7e2e80d11"
  integrity sha512-eZoZPPJcUHnfRZ0PjLvx2qBordSiO8ofC3vt+qACLM95u+4DovnbYNpQtJh0DNsWj8RnxrQytD4WA8gj5cRIaQ==

ee-first@1.1.1:
  version "1.1.1"
  resolved "https://registry.yarnpkg.com/ee-first/-/ee-first-1.1.1.tgz#590c61156b0ae2f4f0255732a158b266bc56b21d"
  integrity sha1-WQxhFWsK4vTwJVcyoViyZrxWsh0=

encodeurl@~1.0.2:
  version "1.0.2"
  resolved "https://registry.yarnpkg.com/encodeurl/-/encodeurl-1.0.2.tgz#ad3ff4c86ec2d029322f5a02c3a9a606c95b3f59"
  integrity sha1-rT/0yG7C0CkyL1oCw6mmBslbP1k=

esbuild@^0.11.10:
  version "0.11.10"
  resolved "https://registry.yarnpkg.com/esbuild/-/esbuild-0.11.10.tgz#f5d39e4d9cc130b78d751664fef1b663240f5545"
  integrity sha512-XvGbf+UreVFA24Tlk6sNOqNcvF2z49XAZt4E7A4H80+yqn944QOLTTxaU0lkdYNtZKFiITNea+VxmtrfjvnLPA==

escape-html@~1.0.3:
  version "1.0.3"
  resolved "https://registry.yarnpkg.com/escape-html/-/escape-html-1.0.3.tgz#0258eae4d3d0c0974de1c169188ef0051d1d1988"
  integrity sha1-Aljq5NPQwJdN4cFpGI7wBR0dGYg=

etag@~1.8.1:
  version "1.8.1"
  resolved "https://registry.yarnpkg.com/etag/-/etag-1.8.1.tgz#41ae2eeb65efa62268aebfea83ac7d79299b0887"
  integrity sha1-Qa4u62XvpiJorr/qg6x9eSmbCIc=

eventemitter3@^3.1.0:
  version "3.1.2"
  resolved "https://registry.yarnpkg.com/eventemitter3/-/eventemitter3-3.1.2.tgz#2d3d48f9c346698fce83a85d7d664e98535df6e7"
  integrity sha512-tvtQIeLVHjDkJYnzf2dgVMxfuSGJeM/7UCG17TT4EumTfNtF+0nebF/4zWOIkCreAbtNqhGEboB6BWrwqNaw4Q==

express@^4.17.1:
  version "4.17.1"
  resolved "https://registry.yarnpkg.com/express/-/express-4.17.1.tgz#4491fc38605cf51f8629d39c2b5d026f98a4c134"
  integrity sha512-mHJ9O79RqluphRrcw2X/GTh3k9tVv8YcoyY4Kkh4WDMUYKRZUq0h1o0w2rrrxBqM7VoeUVqgb27xlEMXTnYt4g==
  dependencies:
    accepts "~1.3.7"
    array-flatten "1.1.1"
    body-parser "1.19.0"
    content-disposition "0.5.3"
    content-type "~1.0.4"
    cookie "0.4.0"
    cookie-signature "1.0.6"
    debug "2.6.9"
    depd "~1.1.2"
    encodeurl "~1.0.2"
    escape-html "~1.0.3"
    etag "~1.8.1"
    finalhandler "~1.1.2"
    fresh "0.5.2"
    merge-descriptors "1.0.1"
    methods "~1.1.2"
    on-finished "~2.3.0"
    parseurl "~1.3.3"
    path-to-regexp "0.1.7"
    proxy-addr "~2.0.5"
    qs "6.7.0"
    range-parser "~1.2.1"
    safe-buffer "5.1.2"
    send "0.17.1"
    serve-static "1.14.1"
    setprototypeof "1.1.1"
    statuses "~1.5.0"
    type-is "~1.6.18"
    utils-merge "1.0.1"
    vary "~1.1.2"

fill-range@^7.0.1:
  version "7.0.1"
  resolved "https://registry.yarnpkg.com/fill-range/-/fill-range-7.0.1.tgz#1919a6a7c75fe38b2c7c77e5198535da9acdda40"
  integrity sha512-qOo9F+dMUmC2Lcb4BbVvnKJxTPjCm+RRpe4gDuGrzkL7mEVl/djYSu2OdQ2Pa302N4oqkSg9ir6jaLWJ2USVpQ==
  dependencies:
    to-regex-range "^5.0.1"

finalhandler@~1.1.2:
  version "1.1.2"
  resolved "https://registry.yarnpkg.com/finalhandler/-/finalhandler-1.1.2.tgz#b7e7d000ffd11938d0fdb053506f6ebabe9f587d"
  integrity sha512-aAWcW57uxVNrQZqFXjITpW3sIUQmHGG3qSb9mUah9MgMC4NeWhNOlNjXEYq3HjRAvL6arUviZGGJsBg6z0zsWA==
  dependencies:
    debug "2.6.9"
    encodeurl "~1.0.2"
    escape-html "~1.0.3"
    on-finished "~2.3.0"
    parseurl "~1.3.3"
    statuses "~1.5.0"
    unpipe "~1.0.0"

forwarded@~0.1.2:
  version "0.1.2"
  resolved "https://registry.yarnpkg.com/forwarded/-/forwarded-0.1.2.tgz#98c23dab1175657b8c0573e8ceccd91b0ff18c84"
  integrity sha1-mMI9qxF1ZXuMBXPozszZGw/xjIQ=

fresh@0.5.2:
  version "0.5.2"
  resolved "https://registry.yarnpkg.com/fresh/-/fresh-0.5.2.tgz#3d8cadd90d976569fa835ab1f8e4b23a105605a7"
  integrity sha1-PYyt2Q2XZWn6g1qx+OSyOhBWBac=

fs-extra@^9.1.0:
  version "9.1.0"
  resolved "https://registry.yarnpkg.com/fs-extra/-/fs-extra-9.1.0.tgz#5954460c764a8da2094ba3554bf839e6b9a7c86d"
  integrity sha512-hcg3ZmepS30/7BSFqRvoo3DOMQu7IjqxO5nCDt+zM9XWjb33Wg7ziNT+Qvqbuc3+gWpzO02JubVyk2G4Zvo1OQ==
  dependencies:
    at-least-node "^1.0.0"
    graceful-fs "^4.2.0"
    jsonfile "^6.0.1"
    universalify "^2.0.0"

fsevents@~2.3.1:
  version "2.3.2"
  resolved "https://registry.yarnpkg.com/fsevents/-/fsevents-2.3.2.tgz#8a526f78b8fdf4623b709e0b975c52c24c02fd1a"
  integrity sha512-xiqMQR4xAeHTuB9uWm+fFRcIOgKBMiOBP+eXiyT7jsgVCq1bkVygt00oASowB7EdtpOHaaPgKt812P9ab+DDKA==

glob-parent@~5.1.0:
  version "5.1.2"
  resolved "https://registry.yarnpkg.com/glob-parent/-/glob-parent-5.1.2.tgz#869832c58034fe68a4093c17dc15e8340d8401c4"
  integrity sha512-AOIgSQCepiJYwP3ARnGx+5VnTu2HBYdzbGP45eLw1vr3zB3vZLeyed1sC9hnbcOc9/SrMyM5RPQrkGz4aS9Zow==
  dependencies:
    is-glob "^4.0.1"

graceful-fs@^4.1.6, graceful-fs@^4.2.0:
  version "4.2.6"
  resolved "https://registry.yarnpkg.com/graceful-fs/-/graceful-fs-4.2.6.tgz#ff040b2b0853b23c3d31027523706f1885d76bee"
  integrity sha512-nTnJ528pbqxYanhpDYsi4Rd8MAeaBA67+RZ10CM1m3bTAVFEDcd5AuA4a6W5YkGZ1iNXHzZz8T6TBKLeBuNriQ==

he@^1.2.0:
  version "1.2.0"
  resolved "https://registry.yarnpkg.com/he/-/he-1.2.0.tgz#84ae65fa7eafb165fddb61566ae14baf05664f0f"
  integrity sha512-F/1DnUGPopORZi0ni+CvrCgHQ5FyEAHRLSApuYWMmrbSwoN2Mn/7k+Gl38gJnR7yyDZk6WLXwiGod1JOWNDKGw==

http-errors@1.7.2:
  version "1.7.2"
  resolved "https://registry.yarnpkg.com/http-errors/-/http-errors-1.7.2.tgz#4f5029cf13239f31036e5b2e55292bcfbcc85c8f"
  integrity sha512-uUQBt3H/cSIVfch6i1EuPNy/YsRSOUBXTVfZ+yR7Zjez3qjBz6i9+i4zjNaoqcoFVI4lQJ5plg63TvGfRSDCRg==
  dependencies:
    depd "~1.1.2"
    inherits "2.0.3"
    setprototypeof "1.1.1"
    statuses ">= 1.5.0 < 2"
    toidentifier "1.0.0"

http-errors@~1.7.2:
  version "1.7.3"
  resolved "https://registry.yarnpkg.com/http-errors/-/http-errors-1.7.3.tgz#6c619e4f9c60308c38519498c14fbb10aacebb06"
  integrity sha512-ZTTX0MWrsQ2ZAhA1cejAwDLycFsd7I7nVtnkT3Ol0aqodaKW+0CTZDQ1uBv5whptCnc8e8HeRRJxRs0kmm/Qfw==
  dependencies:
    depd "~1.1.2"
    inherits "2.0.4"
    setprototypeof "1.1.1"
    statuses ">= 1.5.0 < 2"
    toidentifier "1.0.0"

iconv-lite@0.4.24:
  version "0.4.24"
  resolved "https://registry.yarnpkg.com/iconv-lite/-/iconv-lite-0.4.24.tgz#2022b4b25fbddc21d2f524974a474aafe733908b"
  integrity sha512-v3MXnZAcvnywkTUEZomIActle7RXXeedOR31wwl7VlyoXO4Qi9arvSenNQWne1TcRwhCL1HwLI21bEqdpj8/rA==
  dependencies:
    safer-buffer ">= 2.1.2 < 3"

inherits@2.0.3:
  version "2.0.3"
  resolved "https://registry.yarnpkg.com/inherits/-/inherits-2.0.3.tgz#633c2c83e3da42a502f52466022480f4208261de"
  integrity sha1-Yzwsg+PaQqUC9SRmAiSA9CCCYd4=

inherits@2.0.4:
  version "2.0.4"
  resolved "https://registry.yarnpkg.com/inherits/-/inherits-2.0.4.tgz#0fa2c64f932917c3433a0ded55363aae37416b7c"
  integrity sha512-k/vGaX4/Yla3WzyMCvTQOXYeIHvqOKtnqBduzTHpzpQZzAskKMhZ2K+EnBiSM9zGSoIFeMpXKxa4dYeZIQqewQ==

ipaddr.js@1.9.1:
  version "1.9.1"
  resolved "https://registry.yarnpkg.com/ipaddr.js/-/ipaddr.js-1.9.1.tgz#bff38543eeb8984825079ff3a2a8e6cbd46781b3"
  integrity sha512-0KI/607xoxSToH7GjN1FfSbLoU0+btTicjsQSWQlh/hZykN8KpmMf7uYwPW3R+akZ6R/w18ZlXSHBYXiYUPO3g==

is-binary-path@~2.1.0:
  version "2.1.0"
  resolved "https://registry.yarnpkg.com/is-binary-path/-/is-binary-path-2.1.0.tgz#ea1f7f3b80f064236e83470f86c09c254fb45b09"
  integrity sha512-ZMERYes6pDydyuGidse7OsHxtbI7WVeUEozgR/g7rd0xUimYNlvZRE/K2MgZTjWy725IfelLeVcEM97mmtRGXw==
  dependencies:
    binary-extensions "^2.0.0"

is-extglob@^2.1.1:
  version "2.1.1"
  resolved "https://registry.yarnpkg.com/is-extglob/-/is-extglob-2.1.1.tgz#a88c02535791f02ed37c76a1b9ea9773c833f8c2"
  integrity sha1-qIwCU1eR8C7TfHahueqXc8gz+MI=

is-glob@^4.0.1, is-glob@~4.0.1:
  version "4.0.1"
  resolved "https://registry.yarnpkg.com/is-glob/-/is-glob-4.0.1.tgz#7567dbe9f2f5e2467bc77ab83c4a29482407a5dc"
  integrity sha512-5G0tKtBTFImOqDnLB2hG6Bp2qcKEFduo4tZu9MT/H6NQv/ghhy30o55ufafxJ/LdH79LLs2Kfrn85TLKyA7BUg==
  dependencies:
    is-extglob "^2.1.1"

is-number@^7.0.0:
  version "7.0.0"
  resolved "https://registry.yarnpkg.com/is-number/-/is-number-7.0.0.tgz#7535345b896734d5f80c4d06c50955527a14f12b"
  integrity sha512-41Cifkg6e8TylSpdtTpeLVMqvSBEVzTttHvERD741+pnZ8ANv0004MRL43QKPDlK9cGvNp6NZWZUBlbGXYxxng==

ismobilejs@^1.1.0:
  version "1.1.1"
  resolved "https://registry.yarnpkg.com/ismobilejs/-/ismobilejs-1.1.1.tgz#c56ca0ae8e52b24ca0f22ba5ef3215a2ddbbaa0e"
  integrity sha512-VaFW53yt8QO61k2WJui0dHf4SlL8lxBofUuUmwBo0ljPk0Drz2TiuDW4jo3wDcv41qy/SxrJ+VAzJ/qYqsmzRw==

jsonfile@^6.0.1:
  version "6.1.0"
  resolved "https://registry.yarnpkg.com/jsonfile/-/jsonfile-6.1.0.tgz#bc55b2634793c679ec6403094eb13698a6ec0aae"
  integrity sha512-5dgndWOriYSm5cnYaJNhalLNDKOqFwyDB/rr1E9ZsGciGvKPs8R2xYGCacuf3z6K1YKDz182fd+fY3cn3pMqXQ==
  dependencies:
    universalify "^2.0.0"
  optionalDependencies:
    graceful-fs "^4.1.6"

media-typer@0.3.0:
  version "0.3.0"
  resolved "https://registry.yarnpkg.com/media-typer/-/media-typer-0.3.0.tgz#8710d7af0aa626f8fffa1ce00168545263255748"
  integrity sha1-hxDXrwqmJvj/+hzgAWhUUmMlV0g=

merge-descriptors@1.0.1:
  version "1.0.1"
  resolved "https://registry.yarnpkg.com/merge-descriptors/-/merge-descriptors-1.0.1.tgz#b00aaa556dd8b44568150ec9d1b953f3f90cbb61"
  integrity sha1-sAqqVW3YtEVoFQ7J0blT8/kMu2E=

methods@~1.1.2:
  version "1.1.2"
  resolved "https://registry.yarnpkg.com/methods/-/methods-1.1.2.tgz#5529a4d67654134edcc5266656835b0f851afcee"
  integrity sha1-VSmk1nZUE07cxSZmVoNbD4Ua/O4=

mime-db@1.47.0:
  version "1.47.0"
  resolved "https://registry.yarnpkg.com/mime-db/-/mime-db-1.47.0.tgz#8cb313e59965d3c05cfbf898915a267af46a335c"
  integrity sha512-QBmA/G2y+IfeS4oktet3qRZ+P5kPhCKRXxXnQEudYqUaEioAU1/Lq2us3D/t1Jfo4hE9REQPrbB7K5sOczJVIw==

mime-types@~2.1.24:
  version "2.1.30"
  resolved "https://registry.yarnpkg.com/mime-types/-/mime-types-2.1.30.tgz#6e7be8b4c479825f85ed6326695db73f9305d62d"
  integrity sha512-crmjA4bLtR8m9qLpHvgxSChT+XoSlZi8J4n/aIdn3z92e/U47Z0V/yl+Wh9W046GgFVAmoNR/fmdbZYcSSIUeg==
  dependencies:
    mime-db "1.47.0"

mime@1.6.0:
  version "1.6.0"
  resolved "https://registry.yarnpkg.com/mime/-/mime-1.6.0.tgz#32cd9e5c64553bd58d19a568af452acff04981b1"
  integrity sha512-x0Vn8spI+wuJ1O6S7gnbaQg8Pxh4NNHb7KSINmEWKiPE4RKOplvijn+NkmYmmRgP68mc70j2EbeTFRsrswaQeg==

mini-signals@^1.2.0:
  version "1.2.0"
  resolved "https://registry.yarnpkg.com/mini-signals/-/mini-signals-1.2.0.tgz#45b08013c5fae51a24aa1a935cd317c9ed721d74"
  integrity sha1-RbCAE8X65RokqhqTXNMXye1yHXQ=

ms@2.0.0:
  version "2.0.0"
  resolved "https://registry.yarnpkg.com/ms/-/ms-2.0.0.tgz#5608aeadfc00be6c2901df5f9861788de0d597c8"
  integrity sha1-VgiurfwAvmwpAd9fmGF4jeDVl8g=

ms@2.1.1:
  version "2.1.1"
  resolved "https://registry.yarnpkg.com/ms/-/ms-2.1.1.tgz#30a5864eb3ebb0a66f2ebe6d727af06a09d86e0a"
  integrity sha512-tgp+dl5cGk28utYktBsrFqA7HKgrhgPsg6Z/EfhWI4gl1Hwq8B/GmY/0oXZ6nF8hDVesS/FpnYaD/kOWhYQvyg==

n-readlines@^1.0.1:
  version "1.0.1"
  resolved "https://registry.yarnpkg.com/n-readlines/-/n-readlines-1.0.1.tgz#bbb7364d38bc31a170a199f986fcacfa76b95f6e"
  integrity sha512-z4SyAIVgMy7CkgsoNw7YVz40v0g4+WWvvqy8+ZdHrCtgevcEO758WQyrYcw3XPxcLxF+//RszTz/rO48nzD0wQ==

negotiator@0.6.2:
  version "0.6.2"
  resolved "https://registry.yarnpkg.com/negotiator/-/negotiator-0.6.2.tgz#feacf7ccf525a77ae9634436a64883ffeca346fb"
  integrity sha512-hZXc7K2e+PgeI1eDBe/10Ard4ekbfrrqG8Ep+8Jmf4JID2bNg7NvCPOZN+kfF574pFQI7mum2AUqDidoKqcTOw==

normalize-path@^3.0.0, normalize-path@~3.0.0:
  version "3.0.0"
  resolved "https://registry.yarnpkg.com/normalize-path/-/normalize-path-3.0.0.tgz#0dcd69ff23a1c9b11fd0978316644a0388216a65"
  integrity sha512-6eZs5Ls3WtCisHWp9S2GUy8dqkpGi4BVSz3GaqiE6ezub0512ESztXUwUB6C6IKbQkY2Pnb/mD4WYojCRwcwLA==

object-assign@^4.1.1:
  version "4.1.1"
  resolved "https://registry.yarnpkg.com/object-assign/-/object-assign-4.1.1.tgz#2109adc7965887cfc05cbbd442cac8bfbb360863"
  integrity sha1-IQmtx5ZYh8/AXLvUQsrIv7s2CGM=

on-finished@~2.3.0:
  version "2.3.0"
  resolved "https://registry.yarnpkg.com/on-finished/-/on-finished-2.3.0.tgz#20f1336481b083cd75337992a16971aa2d906947"
  integrity sha1-IPEzZIGwg811M3mSoWlxqi2QaUc=
  dependencies:
    ee-first "1.1.1"

parse-uri@^1.0.0:
  version "1.0.3"
  resolved "https://registry.yarnpkg.com/parse-uri/-/parse-uri-1.0.3.tgz#f3c24a74907a4e357c1741e96ca9faadecfd6db5"
  integrity sha512-upMnGxNcm+45So85HoguwZTVZI9u11i36DdxJfGF2HYWS2eh3TIx7+/tTi7qrEq15qzGkVhsKjesau+kCk48pA==

parseurl@~1.3.3:
  version "1.3.3"
  resolved "https://registry.yarnpkg.com/parseurl/-/parseurl-1.3.3.tgz#9da19e7bee8d12dff0513ed5b76957793bc2e8d4"
  integrity sha512-CiyeOxFT/JZyN5m0z9PfXw4SCBJ6Sygz1Dpl0wqjlhDEGGBP1GnsUVEL0p63hoG1fcj3fHynXi9NYO4nWOL+qQ==

path-to-regexp@0.1.7:
  version "0.1.7"
  resolved "https://registry.yarnpkg.com/path-to-regexp/-/path-to-regexp-0.1.7.tgz#df604178005f522f15eb4490e7247a1bfaa67f8c"
  integrity sha1-32BBeABfUi8V60SQ5yR6G/qmf4w=

penner@^0.1.3:
  version "0.1.3"
  resolved "https://registry.yarnpkg.com/penner/-/penner-0.1.3.tgz#0b8b482d4e9b39af2f3d7c37592229b8acc29705"
  integrity sha1-C4tILU6bOa8vPXw3WSIpuKzClwU=

picomatch@^2.0.4, picomatch@^2.2.1:
  version "2.2.3"
  resolved "https://registry.yarnpkg.com/picomatch/-/picomatch-2.2.3.tgz#465547f359ccc206d3c48e46a1bcb89bf7ee619d"
  integrity sha512-KpELjfwcCDUb9PeigTs2mBJzXUPzAuP2oPcA989He8Rte0+YUAjw1JVedDhuTKPkHjSYzMN3npC9luThGYEKdg==

pixi-viewport@^4.23.1:
  version "4.23.1"
  resolved "https://registry.yarnpkg.com/pixi-viewport/-/pixi-viewport-4.23.1.tgz#e1065d6ab9e860defe68bab0072860f12a626310"
  integrity sha512-W0wUI25o9UYDu7xexHIjgIlsewc3AKeT7B4h+OcslkuQcYsNsXisc//H2+Xtgvlun8jZAyBxAK0A2GwRgvgzTw==
  dependencies:
    penner "^0.1.3"

pixi.js@^6.0.2:
  version "6.0.2"
  resolved "https://registry.yarnpkg.com/pixi.js/-/pixi.js-6.0.2.tgz#0ee9e51c6fcd49415afdd042982bae08c9821709"
  integrity sha512-ioH2+TxyWMwY+nlOgopxfHBBOpB2Wp79LBNCXPP8dIFWH6q70IAKAL++39aK7+MyLvdqwQ+tSnIWuAMNpKPJCw==
  dependencies:
    "@pixi/accessibility" "6.0.2"
    "@pixi/app" "6.0.2"
    "@pixi/compressed-textures" "6.0.2"
    "@pixi/constants" "6.0.2"
    "@pixi/core" "6.0.2"
    "@pixi/display" "6.0.2"
    "@pixi/extract" "6.0.2"
    "@pixi/filter-alpha" "6.0.2"
    "@pixi/filter-blur" "6.0.2"
    "@pixi/filter-color-matrix" "6.0.2"
    "@pixi/filter-displacement" "6.0.2"
    "@pixi/filter-fxaa" "6.0.2"
    "@pixi/filter-noise" "6.0.2"
    "@pixi/graphics" "6.0.2"
    "@pixi/interaction" "6.0.2"
    "@pixi/loaders" "6.0.2"
    "@pixi/math" "6.0.2"
    "@pixi/mesh" "6.0.2"
    "@pixi/mesh-extras" "6.0.2"
    "@pixi/mixin-cache-as-bitmap" "6.0.2"
    "@pixi/mixin-get-child-by-name" "6.0.2"
    "@pixi/mixin-get-global-position" "6.0.2"
    "@pixi/particles" "6.0.2"
    "@pixi/polyfill" "6.0.2"
    "@pixi/prepare" "6.0.2"
    "@pixi/runner" "6.0.2"
    "@pixi/settings" "6.0.2"
    "@pixi/sprite" "6.0.2"
    "@pixi/sprite-animated" "6.0.2"
    "@pixi/sprite-tiling" "6.0.2"
    "@pixi/spritesheet" "6.0.2"
    "@pixi/text" "6.0.2"
    "@pixi/text-bitmap" "6.0.2"
    "@pixi/ticker" "6.0.2"
    "@pixi/utils" "6.0.2"

promise-polyfill@^8.2.0:
  version "8.2.0"
  resolved "https://registry.yarnpkg.com/promise-polyfill/-/promise-polyfill-8.2.0.tgz#367394726da7561457aba2133c9ceefbd6267da0"
  integrity sha512-k/TC0mIcPVF6yHhUvwAp7cvL6I2fFV7TzF1DuGPI8mBh4QQazf36xCKEHKTZKRysEoTQoQdKyP25J8MPJp7j5g==

proxy-addr@~2.0.5:
  version "2.0.6"
  resolved "https://registry.yarnpkg.com/proxy-addr/-/proxy-addr-2.0.6.tgz#fdc2336505447d3f2f2c638ed272caf614bbb2bf"
  integrity sha512-dh/frvCBVmSsDYzw6n926jv974gddhkFPfiN8hPOi30Wax25QZyZEGveluCgliBnqmuM+UJmBErbAUFIoDbjOw==
  dependencies:
    forwarded "~0.1.2"
    ipaddr.js "1.9.1"

punycode@1.3.2:
  version "1.3.2"
  resolved "https://registry.yarnpkg.com/punycode/-/punycode-1.3.2.tgz#9653a036fb7c1ee42342f2325cceefea3926c48d"
  integrity sha1-llOgNvt8HuQjQvIyXM7v6jkmxI0=

qs@6.7.0:
  version "6.7.0"
  resolved "https://registry.yarnpkg.com/qs/-/qs-6.7.0.tgz#41dc1a015e3d581f1621776be31afb2876a9b1bc"
  integrity sha512-VCdBRNFTX1fyE7Nb6FYoURo/SPe62QCaAyzJvUjwRaIsc+NePBEniHlvxFmmX56+HZphIGtV0XeCirBtpDrTyQ==

querystring@0.2.0:
  version "0.2.0"
  resolved "https://registry.yarnpkg.com/querystring/-/querystring-0.2.0.tgz#b209849203bb25df820da756e747005878521620"
  integrity sha1-sgmEkgO7Jd+CDadW50cAWHhSFiA=

range-parser@~1.2.1:
  version "1.2.1"
  resolved "https://registry.yarnpkg.com/range-parser/-/range-parser-1.2.1.tgz#3cf37023d199e1c24d1a55b84800c2f3e6468031"
  integrity sha512-Hrgsx+orqoygnmhFbKaHE6c296J+HTAQXoxEF6gNupROmmGJRoyzfG3ccAveqCBrwr/2yxQ5BVd/GTl5agOwSg==

raw-body@2.4.0:
  version "2.4.0"
  resolved "https://registry.yarnpkg.com/raw-body/-/raw-body-2.4.0.tgz#a1ce6fb9c9bc356ca52e89256ab59059e13d0332"
  integrity sha512-4Oz8DUIwdvoa5qMJelxipzi/iJIi40O5cGV1wNYp5hvZP8ZN0T+jiNkL0QepXs+EsQ9XJ8ipEDoiH70ySUJP3Q==
  dependencies:
    bytes "3.1.0"
    http-errors "1.7.2"
    iconv-lite "0.4.24"
    unpipe "1.0.0"

readdirp@~3.5.0:
  version "3.5.0"
  resolved "https://registry.yarnpkg.com/readdirp/-/readdirp-3.5.0.tgz#9ba74c019b15d365278d2e91bb8c48d7b4d42c9e"
  integrity sha512-cMhu7c/8rdhkHXWsY+osBhfSy0JikwpHK/5+imo+LpeasTF8ouErHrlYkwT0++njiyuDvc7OFY5T3ukvZ8qmFQ==
  dependencies:
    picomatch "^2.2.1"

resource-loader@^3.0.1:
  version "3.0.1"
  resolved "https://registry.yarnpkg.com/resource-loader/-/resource-loader-3.0.1.tgz#33355bb5421e2994f59454bbc7f6dbff8df06d47"
  integrity sha512-fBuCRbEHdLCI1eglzQhUv9Rrdcmqkydr1r6uHE2cYHvRBrcLXeSmbE/qI/urFt8rPr/IGxir3BUwM5kUK8XoyA==
  dependencies:
    mini-signals "^1.2.0"
    parse-uri "^1.0.0"

safe-buffer@5.1.2:
  version "5.1.2"
  resolved "https://registry.yarnpkg.com/safe-buffer/-/safe-buffer-5.1.2.tgz#991ec69d296e0313747d59bdfd2b745c35f8828d"
  integrity sha512-Gd2UZBJDkXlY7GbJxfsE8/nvKkUEU1G38c1siN6QP6a9PT9MmHB8GnpscSmMJSoF8LOIrt8ud/wPtojys4G6+g==

"safer-buffer@>= 2.1.2 < 3":
  version "2.1.2"
  resolved "https://registry.yarnpkg.com/safer-buffer/-/safer-buffer-2.1.2.tgz#44fa161b0187b9549dd84bb91802f9bd8385cd6a"
  integrity sha512-YZo3K82SD7Riyi0E1EQPojLz7kpepnSQI9IyPbHHg1XXXevb5dJI7tpyN2ADxGcQbHG7vcyRHk0cbwqcQriUtg==

send@0.17.1:
  version "0.17.1"
  resolved "https://registry.yarnpkg.com/send/-/send-0.17.1.tgz#c1d8b059f7900f7466dd4938bdc44e11ddb376c8"
  integrity sha512-BsVKsiGcQMFwT8UxypobUKyv7irCNRHk1T0G680vk88yf6LBByGcZJOTJCrTP2xVN6yI+XjPJcNuE3V4fT9sAg==
  dependencies:
    debug "2.6.9"
    depd "~1.1.2"
    destroy "~1.0.4"
    encodeurl "~1.0.2"
    escape-html "~1.0.3"
    etag "~1.8.1"
    fresh "0.5.2"
    http-errors "~1.7.2"
    mime "1.6.0"
    ms "2.1.1"
    on-finished "~2.3.0"
    range-parser "~1.2.1"
    statuses "~1.5.0"

serve-static@1.14.1:
  version "1.14.1"
  resolved "https://registry.yarnpkg.com/serve-static/-/serve-static-1.14.1.tgz#666e636dc4f010f7ef29970a88a674320898b2f9"
  integrity sha512-JMrvUwE54emCYWlTI+hGrGv5I8dEwmco/00EvkzIIsR7MqrHonbD9pO2MOfFnpFntl7ecpZs+3mW+XbQZu9QCg==
  dependencies:
    encodeurl "~1.0.2"
    escape-html "~1.0.3"
    parseurl "~1.3.3"
    send "0.17.1"

setprototypeof@1.1.1:
  version "1.1.1"
  resolved "https://registry.yarnpkg.com/setprototypeof/-/setprototypeof-1.1.1.tgz#7e95acb24aa92f5885e0abef5ba131330d4ae683"
  integrity sha512-JvdAWfbXeIGaZ9cILp38HntZSFSo3mWg6xGcJJsd+d4aRMOqauag1C63dJfDw7OaMYwEbHMOxEZ1lqVRYP2OAw==

"statuses@>= 1.5.0 < 2", statuses@~1.5.0:
  version "1.5.0"
  resolved "https://registry.yarnpkg.com/statuses/-/statuses-1.5.0.tgz#161c7dac177659fd9811f43771fa99381478628c"
  integrity sha1-Fhx9rBd2Wf2YEfQ3cfqZOBR4Yow=

to-regex-range@^5.0.1:
  version "5.0.1"
  resolved "https://registry.yarnpkg.com/to-regex-range/-/to-regex-range-5.0.1.tgz#1648c44aae7c8d988a326018ed72f5b4dd0392e4"
  integrity sha512-65P7iz6X5yEr1cwcgvQxbbIw7Uk3gOy5dIdtZ4rDveLqhrdJP+Li/Hx6tyK0NEb+2GCyneCMJiGqrADCSNk8sQ==
  dependencies:
    is-number "^7.0.0"

toidentifier@1.0.0:
  version "1.0.0"
  resolved "https://registry.yarnpkg.com/toidentifier/-/toidentifier-1.0.0.tgz#7e1be3470f1e77948bc43d94a3c8f4d7752ba553"
  integrity sha512-yaOH/Pk/VEhBWWTlhI+qXxDFXlejDGcQipMlyxda9nthulaxLZUNcUqFxokp0vcYnvteJln5FNQDRrxj3YcbVw==

type-is@~1.6.17, type-is@~1.6.18:
  version "1.6.18"
  resolved "https://registry.yarnpkg.com/type-is/-/type-is-1.6.18.tgz#4e552cd05df09467dcbc4ef739de89f2cf37c131"
  integrity sha512-TkRKr9sUTxEH8MdfuCSP7VizJyzRNMjj2J2do2Jr3Kym598JVdEksuzPQCnlFPW4ky9Q+iA+ma9BGm06XQBy8g==
  dependencies:
    media-typer "0.3.0"
    mime-types "~2.1.24"

universalify@^2.0.0:
  version "2.0.0"
  resolved "https://registry.yarnpkg.com/universalify/-/universalify-2.0.0.tgz#75a4984efedc4b08975c5aeb73f530d02df25717"
  integrity sha512-hAZsKq7Yy11Zu1DE0OzWjw7nnLZmJZYTDZZyEFHZdUhV8FkH5MCfoU1XMaxXovpyW5nq5scPqq0ZDP9Zyl04oQ==

unpipe@1.0.0, unpipe@~1.0.0:
  version "1.0.0"
  resolved "https://registry.yarnpkg.com/unpipe/-/unpipe-1.0.0.tgz#b2bf4ee8514aae6165b4817829d21b2ef49904ec"
  integrity sha1-sr9O6FFKrmFltIF4KdIbLvSZBOw=

url@^0.11.0:
  version "0.11.0"
  resolved "https://registry.yarnpkg.com/url/-/url-0.11.0.tgz#3838e97cfc60521eb73c525a8e55bfdd9e2e28f1"
  integrity sha1-ODjpfPxgUh63PFJajlW/3Z4uKPE=
  dependencies:
    punycode "1.3.2"
    querystring "0.2.0"

utils-merge@1.0.1:
  version "1.0.1"
  resolved "https://registry.yarnpkg.com/utils-merge/-/utils-merge-1.0.1.tgz#9f95710f50a267947b2ccc124741c1028427e713"
  integrity sha1-n5VxD1CiZ5R7LMwSR0HBAoQn5xM=

vary@~1.1.2:
  version "1.1.2"
  resolved "https://registry.yarnpkg.com/vary/-/vary-1.1.2.tgz#2299f02c6ded30d4a5961b0b9f74524a18f634fc"
  integrity sha1-IpnwLG3tMNSllhsLn3RSShj2NPw=

ws@^7.4.4:
  version "7.4.4"
  resolved "https://registry.yarnpkg.com/ws/-/ws-7.4.4.tgz#383bc9742cb202292c9077ceab6f6047b17f2d59"
  integrity sha512-Qm8k8ojNQIMx7S+Zp8u/uHOx7Qazv3Yv4q68MiWWWOJhiwG5W3x7iqmRtJo8xxrciZUY4vRxUTJCKuRnF28ZZw==
